# This file is automatically @generated by Cargo.
# It is not intended for manual editing.
version = 3

[[package]]
name = "tele_tokenizer"
version = "0.1.0"
dependencies = [
 "tele_utils",
]

[[package]]
name = "tele_utils"
version = "0.1.0"

[[package]]
name = "telecss"
version = "0.1.0"
dependencies = [
 "tele_tokenizer",
]
